
Microsoft Visual Studio Solution File, Format Version 12.00
# Visual Studio Version 16
VisualStudioVersion = 16.0.31911.196
MinimumVisualStudioVersion = 10.0.40219.1
Project("{FAE04EC0-301F-11D3-BF4B-00C04F79EFBC}") = "WpfApp3", "WpfApp3\WpfApp3.csproj", "{00456823-CF51-438B-9DF6-560B095898E8}"
EndProject
Global
	GlobalSection(SolutionConfigurationPlatforms) = preSolution
		Debug|Any CPU = Debug|Any CPU
		Release|Any CPU = Release|Any CPU
	EndGlobalSection
	GlobalSection(ProjectConfigurationPlatforms) = postSolution
		{00456823-CF51-438B-9DF6-560B095898E8}.Debug|Any CPU.ActiveCfg = Debug|Any CPU
		{00456823-CF51-438B-9DF6-560B095898E8}.Debug|Any CPU.Build.0 = Debug|Any CPU
		{00456823-CF51-438B-9DF6-560B095898E8}.Release|Any CPU.ActiveCfg = Release|Any CPU
		{00456823-CF51-438B-9DF6-560B095898E8}.Release|Any CPU.Build.0 = Release|Any CPU
	EndGlobalSection
	GlobalSection(SolutionProperties) = preSolution
		HideSolutionNode = FALSE
	EndGlobalSection
	GlobalSection(ExtensibilityGlobals) = postSolution
		SolutionGuid = {011F182E-C7C2-46CB-8B9B-22C03144B138}
	EndGlobalSection
EndGlobal
